PODS:
  - argon2id_ffi (0.0.1):
    - FlutterMacOS
  - FlutterMacOS (1.0.0)

DEPENDENCIES:
  - argon2id_ffi (from `Flutter/ephemeral/.symlinks/plugins/argon2id_ffi/macos`)
  - FlutterMacOS (from `Flutter/ephemeral`)

EXTERNAL SOURCES:
  argon2id_ffi:
    :path: Flutter/ephemeral/.symlinks/plugins/argon2id_ffi/macos
  FlutterMacOS:
    :path: Flutter/ephemeral

SPEC CHECKSUMS:
  argon2id_ffi: b00524eef01bda61bfe33e1939c36bbd771533ae
  FlutterMacOS: d0db08ddef1a9af05a5ec4b724367152bb0500b1

PODFILE CHECKSUM: 54d867c82ac51cbd61b565781b9fada492027009

COCOAPODS: 1.16.2
