PODS:
  - argon2id_ffi (0.0.1):
    - Flutter
  - Flutter (1.0.0)

DEPENDENCIES:
  - argon2id_ffi (from `.symlinks/plugins/argon2id_ffi/ios`)
  - Flutter (from `Flutter`)

EXTERNAL SOURCES:
  argon2id_ffi:
    :path: ".symlinks/plugins/argon2id_ffi/ios"
  Flutter:
    :path: Flutter

SPEC CHECKSUMS:
  argon2id_ffi: 99b2c47a90637376ff78fc46f3fc385465888550
  Flutter: cabc95a1d2626b1b06e7179b784ebcf0c0cde467

PODFILE CHECKSUM: 46b3965fd3f9cca097fed79935403f6367b010fd

COCOAPODS: 1.16.2
